
Microsoft Visual Studio Solution File, Format Version 12.00
# Visual Studio Version 17
VisualStudioVersion = 17.4.33205.214
MinimumVisualStudioVersion = 10.0.40219.1
Project("{FAE04EC0-301F-11D3-BF4B-00C04F79EFBC}") = "Nullable-Delegate", "Nullable-Delegate\Nullable-Delegate.csproj", "{208F0C95-02E0-42EB-9381-17565A0724E6}"
EndProject
Project("{FAE04EC0-301F-11D3-BF4B-00C04F79EFBC}") = "DomainLayer", "DomainLayer\DomainLayer.csproj", "{6CDB8318-EF14-40E3-9C2E-E35728AEF5B0}"
EndProject
Project("{FAE04EC0-301F-11D3-BF4B-00C04F79EFBC}") = "ServiceLayer", "ServiceLayer\ServiceLayer.csproj", "{F76901BE-CBA3-4609-B0E1-6DCFC415766F}"
EndProject
Global
	GlobalSection(SolutionConfigurationPlatforms) = preSolution
		Debug|Any CPU = Debug|Any CPU
		Release|Any CPU = Release|Any CPU
	EndGlobalSection
	GlobalSection(ProjectConfigurationPlatforms) = postSolution
		{208F0C95-02E0-42EB-9381-17565A0724E6}.Debug|Any CPU.ActiveCfg = Debug|Any CPU
		{208F0C95-02E0-42EB-9381-17565A0724E6}.Debug|Any CPU.Build.0 = Debug|Any CPU
		{208F0C95-02E0-42EB-9381-17565A0724E6}.Release|Any CPU.ActiveCfg = Release|Any CPU
		{208F0C95-02E0-42EB-9381-17565A0724E6}.Release|Any CPU.Build.0 = Release|Any CPU
		{6CDB8318-EF14-40E3-9C2E-E35728AEF5B0}.Debug|Any CPU.ActiveCfg = Debug|Any CPU
		{6CDB8318-EF14-40E3-9C2E-E35728AEF5B0}.Debug|Any CPU.Build.0 = Debug|Any CPU
		{6CDB8318-EF14-40E3-9C2E-E35728AEF5B0}.Release|Any CPU.ActiveCfg = Release|Any CPU
		{6CDB8318-EF14-40E3-9C2E-E35728AEF5B0}.Release|Any CPU.Build.0 = Release|Any CPU
		{F76901BE-CBA3-4609-B0E1-6DCFC415766F}.Debug|Any CPU.ActiveCfg = Debug|Any CPU
		{F76901BE-CBA3-4609-B0E1-6DCFC415766F}.Debug|Any CPU.Build.0 = Debug|Any CPU
		{F76901BE-CBA3-4609-B0E1-6DCFC415766F}.Release|Any CPU.ActiveCfg = Release|Any CPU
		{F76901BE-CBA3-4609-B0E1-6DCFC415766F}.Release|Any CPU.Build.0 = Release|Any CPU
	EndGlobalSection
	GlobalSection(SolutionProperties) = preSolution
		HideSolutionNode = FALSE
	EndGlobalSection
	GlobalSection(ExtensibilityGlobals) = postSolution
		SolutionGuid = {4522CB1D-302F-4344-96EC-E24C5FF0EF3A}
	EndGlobalSection
EndGlobal
